
Microsoft Visual Studio Solution File, Format Version 12.00
# Visual Studio Version 16
VisualStudioVersion = 16.0.29806.167
MinimumVisualStudioVersion = 10.0.40219.1
Project("{2150E333-8FDC-42A3-9474-1A3956D46DE8}") = "Examples", "Examples", "{2F56E931-05AF-4BE5-BA27-C6867D69AB0F}"
EndProject
Project("{9A19103F-16F7-4668-BE54-9A1E7A4F7556}") = "IdentityServer", "Examples\IdentityServer\IdentityServer.csproj", "{F465DECD-7EBF-4AC2-A7F3-BF5710BE0BAA}"
EndProject
Project("{9A19103F-16F7-4668-BE54-9A1E7A4F7556}") = "Api", "Examples\Api\Api.csproj", "{55C95F81-3C6E-4550-8D61-BD197C07133E}"
EndProject
Project("{9A19103F-16F7-4668-BE54-9A1E7A4F7556}") = "HLSoft.BlazorWebAssembly.Authentication.OpenIdConnect", "src\HLSoft.BlazorWebAssembly.Authentication.OpenIdConnect\HLSoft.BlazorWebAssembly.Authentication.OpenIdConnect.csproj", "{4084E7D4-6F1C-46EC-94F6-BCC362BC07FE}"
EndProject
Project("{9A19103F-16F7-4668-BE54-9A1E7A4F7556}") = "Client.Auth0.Code", "Examples\Client.Auth0.Code\Client.Auth0.Code.csproj", "{A4F74D08-6154-400F-A1BF-CA8359323CFA}"
EndProject
Project("{9A19103F-16F7-4668-BE54-9A1E7A4F7556}") = "Client.Google.Implicit", "Examples\Client.Google.Implicit\Client.Google.Implicit.csproj", "{16752A1E-9FE4-4B8C-A539-E18CC9DDF3FD}"
EndProject
Project("{9A19103F-16F7-4668-BE54-9A1E7A4F7556}") = "Client.Azure.Implicit", "Examples\Client.Azure.Implicit\Client.Azure.Implicit.csproj", "{917873D7-0D33-4B08-8E79-4033694AAA90}"
EndProject
Project("{9A19103F-16F7-4668-BE54-9A1E7A4F7556}") = "Client.Okta.Implicit", "Examples\Client.Okta.Implicit\Client.Okta.Implicit.csproj", "{537A9B04-4DB0-4E0E-AFFA-0B1983D87345}"
EndProject
Project("{9A19103F-16F7-4668-BE54-9A1E7A4F7556}") = "Client.Onelogin.Implicit", "Examples\Client.Onelogin.Implicit\Client.Onelogin.Implicit.csproj", "{2C51B252-81EE-4666-B9D4-0F23A4C2CED0}"
EndProject
Project("{9A19103F-16F7-4668-BE54-9A1E7A4F7556}") = "Client.IdentityServer.Code", "Examples\Client.IdentityServer.Code\Client.IdentityServer.Code.csproj", "{74C1F519-BF0F-4F2D-8583-D41659F42564}"
EndProject
Project("{9A19103F-16F7-4668-BE54-9A1E7A4F7556}") = "Client.IdentityServer.Code.Complex", "Examples\Client.IdentityServer.Code.Complex\Client.IdentityServer.Code.Complex.csproj", "{1122C583-9856-4B49-9A39-46A632F1CE42}"
EndProject
Project("{9A19103F-16F7-4668-BE54-9A1E7A4F7556}") = "Client.IdentityServer.Code.CustomizeUri", "Examples\Client.IdentityServer.Code.CustomizeUri\Client.IdentityServer.Code.CustomizeUri.csproj", "{635D4987-8118-44D5-B681-F2219758A4FB}"
EndProject
Project("{9A19103F-16F7-4668-BE54-9A1E7A4F7556}") = "Client.IdentityServer.Implicit.RequiredLogin", "Examples\Client.IdentityServer.Implicit.RequiredLogin\Client.IdentityServer.Implicit.RequiredLogin.csproj", "{43851E89-EFCD-4F80-B9CE-48C799CE2746}"
EndProject
Project("{9A19103F-16F7-4668-BE54-9A1E7A4F7556}") = "Client.IdentityServer.Implicit.UsePopup", "Examples\Client.IdentityServer.Implicit.UsePopup\Client.IdentityServer.Implicit.UsePopup.csproj", "{5A19DEDB-F6AC-4020-8E75-AF1CB82E0649}"
EndProject
Project("{9A19103F-16F7-4668-BE54-9A1E7A4F7556}") = "Client.IdentityServer.Code.RemotelyConfig", "Examples\Client.IdentityServer.Code.RemotelyConfig\Client.IdentityServer.Code.RemotelyConfig.csproj", "{75A4E3D1-F88D-40B1-A3E7-3BD0F7553B9D}"
EndProject
Global
	GlobalSection(SolutionConfigurationPlatforms) = preSolution
		Debug|Any CPU = Debug|Any CPU
		Release|Any CPU = Release|Any CPU
	EndGlobalSection
	GlobalSection(ProjectConfigurationPlatforms) = postSolution
		{F465DECD-7EBF-4AC2-A7F3-BF5710BE0BAA}.Debug|Any CPU.ActiveCfg = Debug|Any CPU
		{F465DECD-7EBF-4AC2-A7F3-BF5710BE0BAA}.Debug|Any CPU.Build.0 = Debug|Any CPU
		{F465DECD-7EBF-4AC2-A7F3-BF5710BE0BAA}.Release|Any CPU.ActiveCfg = Release|Any CPU
		{F465DECD-7EBF-4AC2-A7F3-BF5710BE0BAA}.Release|Any CPU.Build.0 = Release|Any CPU
		{55C95F81-3C6E-4550-8D61-BD197C07133E}.Debug|Any CPU.ActiveCfg = Debug|Any CPU
		{55C95F81-3C6E-4550-8D61-BD197C07133E}.Debug|Any CPU.Build.0 = Debug|Any CPU
		{55C95F81-3C6E-4550-8D61-BD197C07133E}.Release|Any CPU.ActiveCfg = Release|Any CPU
		{55C95F81-3C6E-4550-8D61-BD197C07133E}.Release|Any CPU.Build.0 = Release|Any CPU
		{4084E7D4-6F1C-46EC-94F6-BCC362BC07FE}.Debug|Any CPU.ActiveCfg = Debug|Any CPU
		{4084E7D4-6F1C-46EC-94F6-BCC362BC07FE}.Debug|Any CPU.Build.0 = Debug|Any CPU
		{4084E7D4-6F1C-46EC-94F6-BCC362BC07FE}.Release|Any CPU.ActiveCfg = Release|Any CPU
		{4084E7D4-6F1C-46EC-94F6-BCC362BC07FE}.Release|Any CPU.Build.0 = Release|Any CPU
		{A4F74D08-6154-400F-A1BF-CA8359323CFA}.Debug|Any CPU.ActiveCfg = Debug|Any CPU
		{A4F74D08-6154-400F-A1BF-CA8359323CFA}.Debug|Any CPU.Build.0 = Debug|Any CPU
		{A4F74D08-6154-400F-A1BF-CA8359323CFA}.Release|Any CPU.ActiveCfg = Release|Any CPU
		{A4F74D08-6154-400F-A1BF-CA8359323CFA}.Release|Any CPU.Build.0 = Release|Any CPU
		{16752A1E-9FE4-4B8C-A539-E18CC9DDF3FD}.Debug|Any CPU.ActiveCfg = Debug|Any CPU
		{16752A1E-9FE4-4B8C-A539-E18CC9DDF3FD}.Debug|Any CPU.Build.0 = Debug|Any CPU
		{16752A1E-9FE4-4B8C-A539-E18CC9DDF3FD}.Release|Any CPU.ActiveCfg = Release|Any CPU
		{16752A1E-9FE4-4B8C-A539-E18CC9DDF3FD}.Release|Any CPU.Build.0 = Release|Any CPU
		{917873D7-0D33-4B08-8E79-4033694AAA90}.Debug|Any CPU.ActiveCfg = Debug|Any CPU
		{917873D7-0D33-4B08-8E79-4033694AAA90}.Debug|Any CPU.Build.0 = Debug|Any CPU
		{917873D7-0D33-4B08-8E79-4033694AAA90}.Release|Any CPU.ActiveCfg = Release|Any CPU
		{917873D7-0D33-4B08-8E79-4033694AAA90}.Release|Any CPU.Build.0 = Release|Any CPU
		{537A9B04-4DB0-4E0E-AFFA-0B1983D87345}.Debug|Any CPU.ActiveCfg = Debug|Any CPU
		{537A9B04-4DB0-4E0E-AFFA-0B1983D87345}.Debug|Any CPU.Build.0 = Debug|Any CPU
		{537A9B04-4DB0-4E0E-AFFA-0B1983D87345}.Release|Any CPU.ActiveCfg = Release|Any CPU
		{537A9B04-4DB0-4E0E-AFFA-0B1983D87345}.Release|Any CPU.Build.0 = Release|Any CPU
		{2C51B252-81EE-4666-B9D4-0F23A4C2CED0}.Debug|Any CPU.ActiveCfg = Debug|Any CPU
		{2C51B252-81EE-4666-B9D4-0F23A4C2CED0}.Debug|Any CPU.Build.0 = Debug|Any CPU
		{2C51B252-81EE-4666-B9D4-0F23A4C2CED0}.Release|Any CPU.ActiveCfg = Release|Any CPU
		{2C51B252-81EE-4666-B9D4-0F23A4C2CED0}.Release|Any CPU.Build.0 = Release|Any CPU
		{74C1F519-BF0F-4F2D-8583-D41659F42564}.Debug|Any CPU.ActiveCfg = Debug|Any CPU
		{74C1F519-BF0F-4F2D-8583-D41659F42564}.Debug|Any CPU.Build.0 = Debug|Any CPU
		{74C1F519-BF0F-4F2D-8583-D41659F42564}.Release|Any CPU.ActiveCfg = Release|Any CPU
		{74C1F519-BF0F-4F2D-8583-D41659F42564}.Release|Any CPU.Build.0 = Release|Any CPU
		{1122C583-9856-4B49-9A39-46A632F1CE42}.Debug|Any CPU.ActiveCfg = Debug|Any CPU
		{1122C583-9856-4B49-9A39-46A632F1CE42}.Debug|Any CPU.Build.0 = Debug|Any CPU
		{1122C583-9856-4B49-9A39-46A632F1CE42}.Release|Any CPU.ActiveCfg = Release|Any CPU
		{1122C583-9856-4B49-9A39-46A632F1CE42}.Release|Any CPU.Build.0 = Release|Any CPU
		{635D4987-8118-44D5-B681-F2219758A4FB}.Debug|Any CPU.ActiveCfg = Debug|Any CPU
		{635D4987-8118-44D5-B681-F2219758A4FB}.Debug|Any CPU.Build.0 = Debug|Any CPU
		{635D4987-8118-44D5-B681-F2219758A4FB}.Release|Any CPU.ActiveCfg = Release|Any CPU
		{635D4987-8118-44D5-B681-F2219758A4FB}.Release|Any CPU.Build.0 = Release|Any CPU
		{43851E89-EFCD-4F80-B9CE-48C799CE2746}.Debug|Any CPU.ActiveCfg = Debug|Any CPU
		{43851E89-EFCD-4F80-B9CE-48C799CE2746}.Debug|Any CPU.Build.0 = Debug|Any CPU
		{43851E89-EFCD-4F80-B9CE-48C799CE2746}.Release|Any CPU.ActiveCfg = Release|Any CPU
		{43851E89-EFCD-4F80-B9CE-48C799CE2746}.Release|Any CPU.Build.0 = Release|Any CPU
		{5A19DEDB-F6AC-4020-8E75-AF1CB82E0649}.Debug|Any CPU.ActiveCfg = Debug|Any CPU
		{5A19DEDB-F6AC-4020-8E75-AF1CB82E0649}.Debug|Any CPU.Build.0 = Debug|Any CPU
		{5A19DEDB-F6AC-4020-8E75-AF1CB82E0649}.Release|Any CPU.ActiveCfg = Release|Any CPU
		{5A19DEDB-F6AC-4020-8E75-AF1CB82E0649}.Release|Any CPU.Build.0 = Release|Any CPU
		{75A4E3D1-F88D-40B1-A3E7-3BD0F7553B9D}.Debug|Any CPU.ActiveCfg = Debug|Any CPU
		{75A4E3D1-F88D-40B1-A3E7-3BD0F7553B9D}.Debug|Any CPU.Build.0 = Debug|Any CPU
		{75A4E3D1-F88D-40B1-A3E7-3BD0F7553B9D}.Release|Any CPU.ActiveCfg = Release|Any CPU
		{75A4E3D1-F88D-40B1-A3E7-3BD0F7553B9D}.Release|Any CPU.Build.0 = Release|Any CPU
	EndGlobalSection
	GlobalSection(SolutionProperties) = preSolution
		HideSolutionNode = FALSE
	EndGlobalSection
	GlobalSection(NestedProjects) = preSolution
		{F465DECD-7EBF-4AC2-A7F3-BF5710BE0BAA} = {2F56E931-05AF-4BE5-BA27-C6867D69AB0F}
		{55C95F81-3C6E-4550-8D61-BD197C07133E} = {2F56E931-05AF-4BE5-BA27-C6867D69AB0F}
		{A4F74D08-6154-400F-A1BF-CA8359323CFA} = {2F56E931-05AF-4BE5-BA27-C6867D69AB0F}
		{16752A1E-9FE4-4B8C-A539-E18CC9DDF3FD} = {2F56E931-05AF-4BE5-BA27-C6867D69AB0F}
		{917873D7-0D33-4B08-8E79-4033694AAA90} = {2F56E931-05AF-4BE5-BA27-C6867D69AB0F}
		{537A9B04-4DB0-4E0E-AFFA-0B1983D87345} = {2F56E931-05AF-4BE5-BA27-C6867D69AB0F}
		{2C51B252-81EE-4666-B9D4-0F23A4C2CED0} = {2F56E931-05AF-4BE5-BA27-C6867D69AB0F}
		{74C1F519-BF0F-4F2D-8583-D41659F42564} = {2F56E931-05AF-4BE5-BA27-C6867D69AB0F}
		{1122C583-9856-4B49-9A39-46A632F1CE42} = {2F56E931-05AF-4BE5-BA27-C6867D69AB0F}
		{635D4987-8118-44D5-B681-F2219758A4FB} = {2F56E931-05AF-4BE5-BA27-C6867D69AB0F}
		{43851E89-EFCD-4F80-B9CE-48C799CE2746} = {2F56E931-05AF-4BE5-BA27-C6867D69AB0F}
		{5A19DEDB-F6AC-4020-8E75-AF1CB82E0649} = {2F56E931-05AF-4BE5-BA27-C6867D69AB0F}
		{75A4E3D1-F88D-40B1-A3E7-3BD0F7553B9D} = {2F56E931-05AF-4BE5-BA27-C6867D69AB0F}
	EndGlobalSection
	GlobalSection(ExtensibilityGlobals) = postSolution
		SolutionGuid = {9AF2427A-D1D9-41F2-9E2D-0363A55E0D21}
	EndGlobalSection
EndGlobal
